// !$*UTF8*$!
{
	archiveVersion = 1;
	classes = {
	};
	objectVersion = 55;
	objects = {

/* Begin PBXBuildFile section */
		7C220B6A28367DB70060318C /* AppDelegate.swift in Sources */ = {isa = PBXBuildFile; fileRef = 7C220B6928367DB70060318C /* AppDelegate.swift */; };
		7C220B6C28367DB70060318C /* SceneDelegate.swift in Sources */ = {isa = PBXBuildFile; fileRef = 7C220B6B28367DB70060318C /* SceneDelegate.swift */; };
		7C220B7128367DB70060318C /* Main.storyboard in Resources */ = {isa = PBXBuildFile; fileRef = 7C220B6F28367DB70060318C /* Main.storyboard */; };
		7C220B7328367DB80060318C /* Assets.xcassets in Resources */ = {isa = PBXBuildFile; fileRef = 7C220B7228367DB80060318C /* Assets.xcassets */; };
		7C220B7628367DB80060318C /* LaunchScreen.storyboard in Resources */ = {isa = PBXBuildFile; fileRef = 7C220B7428367DB80060318C /* LaunchScreen.storyboard */; };
		7C220B7E28367DEF0060318C /* AlertListViewController.swift in Sources */ = {isa = PBXBuildFile; fileRef = 7C220B7D28367DEF0060318C /* AlertListViewController.swift */; };
		7C39C7A12838E10200198FFF /* UNNotificationCenter.swift in Sources */ = {isa = PBXBuildFile; fileRef = 7C39C7A02838E10200198FFF /* UNNotificationCenter.swift */; };
		7C8CFDE5283682EE002B5327 /* AlertListCell.swift in Sources */ = {isa = PBXBuildFile; fileRef = 7C8CFDE3283682EE002B5327 /* AlertListCell.swift */; };
		7C8CFDE6283682EE002B5327 /* AlertListCell.xib in Resources */ = {isa = PBXBuildFile; fileRef = 7C8CFDE4283682EE002B5327 /* AlertListCell.xib */; };
		7C8CFDE82836873E002B5327 /* Alert.swift in Sources */ = {isa = PBXBuildFile; fileRef = 7C8CFDE72836873E002B5327 /* Alert.swift */; };
		7C8CFDEA2838B017002B5327 /* AddAlertViewController.swift in Sources */ = {isa = PBXBuildFile; fileRef = 7C8CFDE92838B017002B5327 /* AddAlertViewController.swift */; };
/* End PBXBuildFile section */

/* Begin PBXFileReference section */
		7C220B6628367DB70060318C /* YouNeedWater.app */ = {isa = PBXFileReference; explicitFileType = wrapper.application; includeInIndex = 0; path = YouNeedWater.app; sourceTree = BUILT_PRODUCTS_DIR; };
		7C220B6928367DB70060318C /* AppDelegate.swift */ = {isa = PBXFileReference; lastKnownFileType = sourcecode.swift; path = AppDelegate.swift; sourceTree = "<group>"; };
		7C220B6B28367DB70060318C /* SceneDelegate.swift */ = {isa = PBXFileReference; lastKnownFileType = sourcecode.swift; path = SceneDelegate.swift; sourceTree = "<group>"; };
		7C220B7028367DB70060318C /* Base */ = {isa = PBXFileReference; lastKnownFileType = file.storyboard; name = Base; path = Base.lproj/Main.storyboard; sourceTree = "<group>"; };
		7C220B7228367DB80060318C /* Assets.xcassets */ = {isa = PBXFileReference; lastKnownFileType = folder.assetcatalog; path = Assets.xcassets; sourceTree = "<group>"; };
		7C220B7528367DB80060318C /* Base */ = {isa = PBXFileReference; lastKnownFileType = file.storyboard; name = Base; path = Base.lproj/LaunchScreen.storyboard; sourceTree = "<group>"; };
		7C220B7728367DB80060318C /* Info.plist */ = {isa = PBXFileReference; lastKnownFileType = text.plist.xml; path = Info.plist; sourceTree = "<group>"; };
		7C220B7D28367DEF0060318C /* AlertListViewController.swift */ = {isa = PBXFileReference; lastKnownFileType = sourcecode.swift; path = AlertListViewController.swift; sourceTree = "<group>"; };
		7C39C7A02838E10200198FFF /* UNNotificationCenter.swift */ = {isa = PBXFileReference; lastKnownFileType = sourcecode.swift; path = UNNotificationCenter.swift; sourceTree = "<group>"; };
		7C8CFDE3283682EE002B5327 /* AlertListCell.swift */ = {isa = PBXFileReference; lastKnownFileType = sourcecode.swift; path = AlertListCell.swift; sourceTree = "<group>"; };
		7C8CFDE4283682EE002B5327 /* AlertListCell.xib */ = {isa = PBXFileReference; lastKnownFileType = file.xib; path = AlertListCell.xib; sourceTree = "<group>"; };
		7C8CFDE72836873E002B5327 /* Alert.swift */ = {isa = PBXFileReference; lastKnownFileType = sourcecode.swift; path = Alert.swift; sourceTree = "<group>"; };
		7C8CFDE92838B017002B5327 /* AddAlertViewController.swift */ = {isa = PBXFileReference; lastKnownFileType = sourcecode.swift; path = AddAlertViewController.swift; sourceTree = "<group>"; };
/* End PBXFileReference section */

/* Begin PBXFrameworksBuildPhase section */
		7C220B6328367DB70060318C /* Frameworks */ = {
			isa = PBXFrameworksBuildPhase;
			buildActionMask = 2147483647;
			files = (
			);
			runOnlyForDeploymentPostprocessing = 0;
		};
/* End PBXFrameworksBuildPhase section */

/* Begin PBXGroup section */
		7C220B5D28367DB70060318C = {
			isa = PBXGroup;
			children = (
				7C220B6828367DB70060318C /* YouNeedWater */,
				7C220B6728367DB70060318C /* Products */,
			);
			sourceTree = "<group>";
		};
		7C220B6728367DB70060318C /* Products */ = {
			isa = PBXGroup;
			children = (
				7C220B6628367DB70060318C /* YouNeedWater.app */,
			);
			name = Products;
			sourceTree = "<group>";
		};
		7C220B6828367DB70060318C /* YouNeedWater */ = {
			isa = PBXGroup;
			children = (
				7C39C7A02838E10200198FFF /* UNNotificationCenter.swift */,
				7C8CFDE4283682EE002B5327 /* AlertListCell.xib */,
				7C8CFDE72836873E002B5327 /* Alert.swift */,
				7C8CFDE3283682EE002B5327 /* AlertListCell.swift */,
				7C220B7D28367DEF0060318C /* AlertListViewController.swift */,
				7C220B6928367DB70060318C /* AppDelegate.swift */,
				7C220B6B28367DB70060318C /* SceneDelegate.swift */,
				7C220B6F28367DB70060318C /* Main.storyboard */,
				7C8CFDE92838B017002B5327 /* AddAlertViewController.swift */,
				7C220B7228367DB80060318C /* Assets.xcassets */,
				7C220B7428367DB80060318C /* LaunchScreen.storyboard */,
				7C220B7728367DB80060318C /* Info.plist */,
			);
			path = YouNeedWater;
			sourceTree = "<group>";
		};
/* End PBXGroup section */

/* Begin PBXNativeTarget section */
		7C220B6528367DB70060318C /* YouNeedWater */ = {
			isa = PBXNativeTarget;
			buildConfigurationList = 7C220B7A28367DB80060318C /* Build configuration list for PBXNativeTarget "YouNeedWater" */;
			buildPhases = (
				7C220B6228367DB70060318C /* Sources */,
				7C220B6328367DB70060318C /* Frameworks */,
				7C220B6428367DB70060318C /* Resources */,
			);
			buildRules = (
			);
			dependencies = (
			);
			name = YouNeedWater;
			productName = YouNeedWater;
			productReference = 7C220B6628367DB70060318C /* YouNeedWater.app */;
			productType = "com.apple.product-type.application";
		};
/* End PBXNativeTarget section */

/* Begin PBXProject section */
		7C220B5E28367DB70060318C /* Project object */ = {
			isa = PBXProject;
			attributes = {
				BuildIndependentTargetsInParallel = 1;
				LastSwiftUpdateCheck = 1330;
				LastUpgradeCheck = 1330;
				TargetAttributes = {
					7C220B6528367DB70060318C = {
						CreatedOnToolsVersion = 13.3;
					};
				};
			};
			buildConfigurationList = 7C220B6128367DB70060318C /* Build configuration list for PBXProject "YouNeedWater" */;
			compatibilityVersion = "Xcode 13.0";
			developmentRegion = en;
			hasScannedForEncodings = 0;
			knownRegions = (
				en,
				Base,
			);
			mainGroup = 7C220B5D28367DB70060318C;
			productRefGroup = 7C220B6728367DB70060318C /* Products */;
			projectDirPath = "";
			projectRoot = "";
			targets = (
				7C220B6528367DB70060318C /* YouNeedWater */,
			);
		};
/* End PBXProject section */

/* Begin PBXResourcesBuildPhase section */
		7C220B6428367DB70060318C /* Resources */ = {
			isa = PBXResourcesBuildPhase;
			buildActionMask = 2147483647;
			files = (
				7C220B7628367DB80060318C /* LaunchScreen.storyboard in Resources */,
				7C220B7328367DB80060318C /* Assets.xcassets in Resources */,
				7C8CFDE6283682EE002B5327 /* AlertListCell.xib in Resources */,
				7C220B7128367DB70060318C /* Main.storyboard in Resources */,
			);
			runOnlyForDeploymentPostprocessing = 0;
		};
/* End PBXResourcesBuildPhase section */

/* Begin PBXSourcesBuildPhase section */
		7C220B6228367DB70060318C /* Sources */ = {
			isa = PBXSourcesBuildPhase;
			buildActionMask = 2147483647;
			files = (
				7C220B6A28367DB70060318C /* AppDelegate.swift in Sources */,
				7C220B6C28367DB70060318C /* SceneDelegate.swift in Sources */,
				7C8CFDE5283682EE002B5327 /* AlertListCell.swift in Sources */,
				7C8CFDE82836873E002B5327 /* Alert.swift in Sources */,
				7C220B7E28367DEF0060318C /* AlertListViewController.swift in Sources */,
				7C39C7A12838E10200198FFF /* UNNotificationCenter.swift in Sources */,
				7C8CFDEA2838B017002B5327 /* AddAlertViewController.swift in Sources */,
			);
			runOnlyForDeploymentPostprocessing = 0;
		};
/* End PBXSourcesBuildPhase section */

/* Begin PBXVariantGroup section */
		7C220B6F28367DB70060318C /* Main.storyboard */ = {
			isa = PBXVariantGroup;
			children = (
				7C220B7028367DB70060318C /* Base */,
			);
			name = Main.storyboard;
			sourceTree = "<group>";
		};
		7C220B7428367DB80060318C /* LaunchScreen.storyboard */ = {
			isa = PBXVariantGroup;
			children = (
				7C220B7528367DB80060318C /* Base */,
			);
			name = LaunchScreen.storyboard;
			sourceTree = "<group>";
		};
/* End PBXVariantGroup section */

/* Begin XCBuildConfiguration section */
		7C220B7828367DB80060318C /* Debug */ = {
			isa = XCBuildConfiguration;
			buildSettings = {
				ALWAYS_SEARCH_USER_PATHS = NO;
				CLANG_ANALYZER_NONNULL = YES;
				CLANG_ANALYZER_NUMBER_OBJECT_CONVERSION = YES_AGGRESSIVE;
				CLANG_CXX_LANGUAGE_STANDARD = "gnu++17";
				CLANG_ENABLE_MODULES = YES;
				CLANG_ENABLE_OBJC_ARC = YES;
				CLANG_ENABLE_OBJC_WEAK = YES;
				CLANG_WARN_BLOCK_CAPTURE_AUTORELEASING = YES;
				CLANG_WARN_BOOL_CONVERSION = YES;
				CLANG_WARN_COMMA = YES;
				CLANG_WARN_CONSTANT_CONVERSION = YES;
				CLANG_WARN_DEPRECATED_OBJC_IMPLEMENTATIONS = YES;
				CLANG_WARN_DIRECT_OBJC_ISA_USAGE = YES_ERROR;
				CLANG_WARN_DOCUMENTATION_COMMENTS = YES;
				CLANG_WARN_EMPTY_BODY = YES;
				CLANG_WARN_ENUM_CONVERSION = YES;
				CLANG_WARN_INFINITE_RECURSION = YES;
				CLANG_WARN_INT_CONVERSION = YES;
				CLANG_WARN_NON_LITERAL_NULL_CONVERSION = YES;
				CLANG_WARN_OBJC_IMPLICIT_RETAIN_SELF = YES;
				CLANG_WARN_OBJC_LITERAL_CONVERSION = YES;
				CLANG_WARN_OBJC_ROOT_CLASS = YES_ERROR;
				CLANG_WARN_QUOTED_INCLUDE_IN_FRAMEWORK_HEADER = YES;
				CLANG_WARN_RANGE_LOOP_ANALYSIS = YES;
				CLANG_WARN_STRICT_PROTOTYPES = YES;
				CLANG_WARN_SUSPICIOUS_MOVE = YES;
				CLANG_WARN_UNGUARDED_AVAILABILITY = YES_AGGRESSIVE;
				CLANG_WARN_UNREACHABLE_CODE = YES;
				CLANG_WARN__DUPLICATE_METHOD_MATCH = YES;
				COPY_PHASE_STRIP = NO;
				DEBUG_INFORMATION_FORMAT = dwarf;
				ENABLE_STRICT_OBJC_MSGSEND = YES;
				ENABLE_TESTABILITY = YES;
				GCC_C_LANGUAGE_STANDARD = gnu11;
				GCC_DYNAMIC_NO_PIC = NO;
				GCC_NO_COMMON_BLOCKS = YES;
				GCC_OPTIMIZATION_LEVEL = 0;
				GCC_PREPROCESSOR_DEFINITIONS = (
					"DEBUG=1",
					"$(inherited)",
				);
				GCC_WARN_64_TO_32_BIT_CONVERSION = YES;
				GCC_WARN_ABOUT_RETURN_TYPE = YES_ERROR;
				GCC_WARN_UNDECLARED_SELECTOR = YES;
				GCC_WARN_UNINITIALIZED_AUTOS = YES_AGGRESSIVE;
				GCC_WARN_UNUSED_FUNCTION = YES;
				GCC_WARN_UNUSED_VARIABLE = YES;
				IPHONEOS_DEPLOYMENT_TARGET = 15.4;
				MTL_ENABLE_DEBUG_INFO = INCLUDE_SOURCE;
				MTL_FAST_MATH = YES;
				ONLY_ACTIVE_ARCH = YES;
				SDKROOT = iphoneos;
				SWIFT_ACTIVE_COMPILATION_CONDITIONS = DEBUG;
				SWIFT_OPTIMIZATION_LEVEL = "-Onone";
			};
			name = Debug;
		};
		7C220B7928367DB80060318C /* Release */ = {
			isa = XCBuildConfiguration;
			buildSettings = {
				ALWAYS_SEARCH_USER_PATHS = NO;
				CLANG_ANALYZER_NONNULL = YES;
				CLANG_ANALYZER_NUMBER_OBJECT_CONVERSION = YES_AGGRESSIVE;
				CLANG_CXX_LANGUAGE_STANDARD = "gnu++17";
				CLANG_ENABLE_MODULES = YES;
				CLANG_ENABLE_OBJC_ARC = YES;
				CLANG_ENABLE_OBJC_WEAK = YES;
				CLANG_WARN_BLOCK_CAPTURE_AUTORELEASING = YES;
				CLANG_WARN_BOOL_CONVERSION = YES;
				CLANG_WARN_COMMA = YES;
				CLANG_WARN_CONSTANT_CONVERSION = YES;
				CLANG_WARN_DEPRECATED_OBJC_IMPLEMENTATIONS = YES;
				CLANG_WARN_DIRECT_OBJC_ISA_USAGE = YES_ERROR;
				CLANG_WARN_DOCUMENTATION_COMMENTS = YES;
				CLANG_WARN_EMPTY_BODY = YES;
				CLANG_WARN_ENUM_CONVERSION = YES;
				CLANG_WARN_INFINITE_RECURSION = YES;
				CLANG_WARN_INT_CONVERSION = YES;
				CLANG_WARN_NON_LITERAL_NULL_CONVERSION = YES;
				CLANG_WARN_OBJC_IMPLICIT_RETAIN_SELF = YES;
				CLANG_WARN_OBJC_LITERAL_CONVERSION = YES;
				CLANG_WARN_OBJC_ROOT_CLASS = YES_ERROR;
				CLANG_WARN_QUOTED_INCLUDE_IN_FRAMEWORK_HEADER = YES;
				CLANG_WARN_RANGE_LOOP_ANALYSIS = YES;
				CLANG_WARN_STRICT_PROTOTYPES = YES;
				CLANG_WARN_SUSPICIOUS_MOVE = YES;
				CLANG_WARN_UNGUARDED_AVAILABILITY = YES_AGGRESSIVE;
				CLANG_WARN_UNREACHABLE_CODE = YES;
				CLANG_WARN__DUPLICATE_METHOD_MATCH = YES;
				COPY_PHASE_STRIP = NO;
				DEBUG_INFORMATION_FORMAT = "dwarf-with-dsym";
				ENABLE_NS_ASSERTIONS = NO;
				ENABLE_STRICT_OBJC_MSGSEND = YES;
				GCC_C_LANGUAGE_STANDARD = gnu11;
				GCC_NO_COMMON_BLOCKS = YES;
				GCC_WARN_64_TO_32_BIT_CONVERSION = YES;
				GCC_WARN_ABOUT_RETURN_TYPE = YES_ERROR;
				GCC_WARN_UNDECLARED_SELECTOR = YES;
				GCC_WARN_UNINITIALIZED_AUTOS = YES_AGGRESSIVE;
				GCC_WARN_UNUSED_FUNCTION = YES;
				GCC_WARN_UNUSED_VARIABLE = YES;
				IPHONEOS_DEPLOYMENT_TARGET = 15.4;
				MTL_ENABLE_DEBUG_INFO = NO;
				MTL_FAST_MATH = YES;
				SDKROOT = iphoneos;
				SWIFT_COMPILATION_MODE = wholemodule;
				SWIFT_OPTIMIZATION_LEVEL = "-O";
				VALIDATE_PRODUCT = YES;
			};
			name = Release;
		};
		7C220B7B28367DB80060318C /* Debug */ = {
			isa = XCBuildConfiguration;
			buildSettings = {
				ASSETCATALOG_COMPILER_APPICON_NAME = AppIcon;
				ASSETCATALOG_COMPILER_GLOBAL_ACCENT_COLOR_NAME = AccentColor;
				CODE_SIGN_STYLE = Automatic;
				CURRENT_PROJECT_VERSION = 1;
				DEVELOPMENT_TEAM = Q732628BGB;
				GENERATE_INFOPLIST_FILE = YES;
				INFOPLIST_FILE = YouNeedWater/Info.plist;
				INFOPLIST_KEY_UIApplicationSupportsIndirectInputEvents = YES;
				INFOPLIST_KEY_UILaunchStoryboardName = LaunchScreen;
				INFOPLIST_KEY_UIMainStoryboardFile = Main;
				INFOPLIST_KEY_UISupportedInterfaceOrientations_iPad = "UIInterfaceOrientationPortrait UIInterfaceOrientationPortraitUpsideDown UIInterfaceOrientationLandscapeLeft UIInterfaceOrientationLandscapeRight";
				INFOPLIST_KEY_UISupportedInterfaceOrientations_iPhone = "UIInterfaceOrientationPortrait UIInterfaceOrientationLandscapeLeft UIInterfaceOrientationLandscapeRight";
				LD_RUNPATH_SEARCH_PATHS = (
					"$(inherited)",
					"@executable_path/Frameworks",
				);
				MARKETING_VERSION = 1.0;
				PRODUCT_BUNDLE_IDENTIFIER = project.YouNeedWater;
				PRODUCT_NAME = "$(TARGET_NAME)";
				SWIFT_EMIT_LOC_STRINGS = YES;
				SWIFT_VERSION = 5.0;
				TARGETED_DEVICE_FAMILY = "1,2";
			};
			name = Debug;
		};
		7C220B7C28367DB80060318C /* Release */ = {
			isa = XCBuildConfiguration;
			buildSettings = {
				ASSETCATALOG_COMPILER_APPICON_NAME = AppIcon;
				ASSETCATALOG_COMPILER_GLOBAL_ACCENT_COLOR_NAME = AccentColor;
				CODE_SIGN_STYLE = Automatic;
				CURRENT_PROJECT_VERSION = 1;
				DEVELOPMENT_TEAM = Q732628BGB;
				GENERATE_INFOPLIST_FILE = YES;
				INFOPLIST_FILE = YouNeedWater/Info.plist;
				INFOPLIST_KEY_UIApplicationSupportsIndirectInputEvents = YES;
				INFOPLIST_KEY_UILaunchStoryboardName = LaunchScreen;
				INFOPLIST_KEY_UIMainStoryboardFile = Main;
				INFOPLIST_KEY_UISupportedInterfaceOrientations_iPad = "UIInterfaceOrientationPortrait UIInterfaceOrientationPortraitUpsideDown UIInterfaceOrientationLandscapeLeft UIInterfaceOrientationLandscapeRight";
				INFOPLIST_KEY_UISupportedInterfaceOrientations_iPhone = "UIInterfaceOrientationPortrait UIInterfaceOrientationLandscapeLeft UIInterfaceOrientationLandscapeRight";
				LD_RUNPATH_SEARCH_PATHS = (
					"$(inherited)",
					"@executable_path/Frameworks",
				);
				MARKETING_VERSION = 1.0;
				PRODUCT_BUNDLE_IDENTIFIER = project.YouNeedWater;
				PRODUCT_NAME = "$(TARGET_NAME)";
				SWIFT_EMIT_LOC_STRINGS = YES;
				SWIFT_VERSION = 5.0;
				TARGETED_DEVICE_FAMILY = "1,2";
			};
			name = Release;
		};
/* End XCBuildConfiguration section */

/* Begin XCConfigurationList section */
		7C220B6128367DB70060318C /* Build configuration list for PBXProject "YouNeedWater" */ = {
			isa = XCConfigurationList;
			buildConfigurations = (
				7C220B7828367DB80060318C /* Debug */,
				7C220B7928367DB80060318C /* Release */,
			);
			defaultConfigurationIsVisible = 0;
			defaultConfigurationName = Release;
		};
		7C220B7A28367DB80060318C /* Build configuration list for PBXNativeTarget "YouNeedWater" */ = {
			isa = XCConfigurationList;
			buildConfigurations = (
				7C220B7B28367DB80060318C /* Debug */,
				7C220B7C28367DB80060318C /* Release */,
			);
			defaultConfigurationIsVisible = 0;
			defaultConfigurationName = Release;
		};
/* End XCConfigurationList section */
	};
	rootObject = 7C220B5E28367DB70060318C /* Project object */;
}
